
Microsoft Visual Studio Solution File, Format Version 12.00
# Visual Studio Version 17
VisualStudioVersion = 17.5.002.0
MinimumVisualStudioVersion = 10.0.40219.1
Project("{9A19103F-16F7-4668-BE54-9A1E7A4F7556}") = "minimal-api", "minimal-api.csproj", "{D8C9F7FC-5573-46AD-A821-8E4E61F2D807}"
EndProject
Global
	GlobalSection(SolutionConfigurationPlatforms) = preSolution
		Debug|Any CPU = Debug|Any CPU
		Release|Any CPU = Release|Any CPU
	EndGlobalSection
	GlobalSection(ProjectConfigurationPlatforms) = postSolution
		{D8C9F7FC-5573-46AD-A821-8E4E61F2D807}.Debug|Any CPU.ActiveCfg = Debug|Any CPU
		{D8C9F7FC-5573-46AD-A821-8E4E61F2D807}.Debug|Any CPU.Build.0 = Debug|Any CPU
		{D8C9F7FC-5573-46AD-A821-8E4E61F2D807}.Release|Any CPU.ActiveCfg = Release|Any CPU
		{D8C9F7FC-5573-46AD-A821-8E4E61F2D807}.Release|Any CPU.Build.0 = Release|Any CPU
	EndGlobalSection
	GlobalSection(SolutionProperties) = preSolution
		HideSolutionNode = FALSE
	EndGlobalSection
	GlobalSection(ExtensibilityGlobals) = postSolution
		SolutionGuid = {3717C293-F912-43A7-AFC2-66F9E17A06B6}
	EndGlobalSection
EndGlobal
